
Microsoft Visual Studio Solution File, Format Version 12.00
# Visual Studio Version 16
VisualStudioVersion = 16.0.31727.386
MinimumVisualStudioVersion = 10.0.40219.1
Project("{9A19103F-16F7-4668-BE54-9A1E7A4F7556}") = "Entities", "Entities\Entities.csproj", "{B70CAC7E-7A4F-4570-B21E-AC87DBAA782A}"
EndProject
Project("{9A19103F-16F7-4668-BE54-9A1E7A4F7556}") = "Business", "Business\Business.csproj", "{ABF7A69D-1ADD-413D-A80E-D654E92D8301}"
EndProject
Project("{9A19103F-16F7-4668-BE54-9A1E7A4F7556}") = "Core", "Core\Core.csproj", "{D2A5FE58-09B4-428C-942B-351A6405A420}"
EndProject
Project("{9A19103F-16F7-4668-BE54-9A1E7A4F7556}") = "DataAccess", "DataAccess\DataAccess.csproj", "{2BC55E99-320A-4DC1-8E51-23AC35E3F69F}"
EndProject
Project("{9A19103F-16F7-4668-BE54-9A1E7A4F7556}") = "WebAPI", "WebAPI\WebAPI.csproj", "{B8B6835B-9B29-4DC8-BCBD-950D1BDC9266}"
EndProject
Global
	GlobalSection(SolutionConfigurationPlatforms) = preSolution
		Debug|Any CPU = Debug|Any CPU
		Release|Any CPU = Release|Any CPU
	EndGlobalSection
	GlobalSection(ProjectConfigurationPlatforms) = postSolution
		{B70CAC7E-7A4F-4570-B21E-AC87DBAA782A}.Debug|Any CPU.ActiveCfg = Debug|Any CPU
		{B70CAC7E-7A4F-4570-B21E-AC87DBAA782A}.Debug|Any CPU.Build.0 = Debug|Any CPU
		{B70CAC7E-7A4F-4570-B21E-AC87DBAA782A}.Release|Any CPU.ActiveCfg = Release|Any CPU
		{B70CAC7E-7A4F-4570-B21E-AC87DBAA782A}.Release|Any CPU.Build.0 = Release|Any CPU
		{ABF7A69D-1ADD-413D-A80E-D654E92D8301}.Debug|Any CPU.ActiveCfg = Debug|Any CPU
		{ABF7A69D-1ADD-413D-A80E-D654E92D8301}.Debug|Any CPU.Build.0 = Debug|Any CPU
		{ABF7A69D-1ADD-413D-A80E-D654E92D8301}.Release|Any CPU.ActiveCfg = Release|Any CPU
		{ABF7A69D-1ADD-413D-A80E-D654E92D8301}.Release|Any CPU.Build.0 = Release|Any CPU
		{D2A5FE58-09B4-428C-942B-351A6405A420}.Debug|Any CPU.ActiveCfg = Debug|Any CPU
		{D2A5FE58-09B4-428C-942B-351A6405A420}.Debug|Any CPU.Build.0 = Debug|Any CPU
		{D2A5FE58-09B4-428C-942B-351A6405A420}.Release|Any CPU.ActiveCfg = Release|Any CPU
		{D2A5FE58-09B4-428C-942B-351A6405A420}.Release|Any CPU.Build.0 = Release|Any CPU
		{2BC55E99-320A-4DC1-8E51-23AC35E3F69F}.Debug|Any CPU.ActiveCfg = Debug|Any CPU
		{2BC55E99-320A-4DC1-8E51-23AC35E3F69F}.Debug|Any CPU.Build.0 = Debug|Any CPU
		{2BC55E99-320A-4DC1-8E51-23AC35E3F69F}.Release|Any CPU.ActiveCfg = Release|Any CPU
		{2BC55E99-320A-4DC1-8E51-23AC35E3F69F}.Release|Any CPU.Build.0 = Release|Any CPU
		{B8B6835B-9B29-4DC8-BCBD-950D1BDC9266}.Debug|Any CPU.ActiveCfg = Debug|Any CPU
		{B8B6835B-9B29-4DC8-BCBD-950D1BDC9266}.Debug|Any CPU.Build.0 = Debug|Any CPU
		{B8B6835B-9B29-4DC8-BCBD-950D1BDC9266}.Release|Any CPU.ActiveCfg = Release|Any CPU
		{B8B6835B-9B29-4DC8-BCBD-950D1BDC9266}.Release|Any CPU.Build.0 = Release|Any CPU
	EndGlobalSection
	GlobalSection(SolutionProperties) = preSolution
		HideSolutionNode = FALSE
	EndGlobalSection
	GlobalSection(ExtensibilityGlobals) = postSolution
		SolutionGuid = {E64D0CBB-529D-4485-B57F-815CB71FC267}
	EndGlobalSection
EndGlobal
